// !$*UTF8*$!
{
	archiveVersion = 1;
	classes = {
	};
	objectVersion = 46;
	objects = {

/* Begin PBXBuildFile section */
		2551CBD81EDDE79A00270D12 /* AppDelegate.swift in Sources */ = {isa = PBXBuildFile; fileRef = 2551CBD71EDDE79A00270D12 /* AppDelegate.swift */; };
		2551CBDA1EDDE79A00270D12 /* ViewController.swift in Sources */ = {isa = PBXBuildFile; fileRef = 2551CBD91EDDE79A00270D12 /* ViewController.swift */; };
		2551CBDD1EDDE79A00270D12 /* Main.storyboard in Resources */ = {isa = PBXBuildFile; fileRef = 2551CBDB1EDDE79A00270D12 /* Main.storyboard */; };
		2551CBDF1EDDE79A00270D12 /* Assets.xcassets in Resources */ = {isa = PBXBuildFile; fileRef = 2551CBDE1EDDE79A00270D12 /* Assets.xcassets */; };
		2551CBE21EDDE79A00270D12 /* LaunchScreen.storyboard in Resources */ = {isa = PBXBuildFile; fileRef = 2551CBE01EDDE79A00270D12 /* LaunchScreen.storyboard */; };
		2551CBED1EDDE79A00270D12 /* EarlGreyAttributedTextTests.swift in Sources */ = {isa = PBXBuildFile; fileRef = 2551CBEC1EDDE79A00270D12 /* EarlGreyAttributedTextTests.swift */; };
		2551CBFF1EDDF74D00270D12 /* EarlGrey.framework in Frameworks */ = {isa = PBXBuildFile; fileRef = 2551CBFC1EDDF6BE00270D12 /* EarlGrey.framework */; };
		2551CC011EDDF79000270D12 /* EarlGrey.swift in Sources */ = {isa = PBXBuildFile; fileRef = 2551CC001EDDF79000270D12 /* EarlGrey.swift */; };
/* End PBXBuildFile section */

/* Begin PBXContainerItemProxy section */
		2551CBE91EDDE79A00270D12 /* PBXContainerItemProxy */ = {
			isa = PBXContainerItemProxy;
			containerPortal = 2551CBCC1EDDE79A00270D12 /* Project object */;
			proxyType = 1;
			remoteGlobalIDString = 2551CBD31EDDE79A00270D12;
			remoteInfo = EarlGreyAttributedText;
		};
		2551CBFB1EDDF6BE00270D12 /* PBXContainerItemProxy */ = {
			isa = PBXContainerItemProxy;
			containerPortal = 2551CBF71EDDF6BE00270D12 /* EarlGrey.xcodeproj */;
			proxyType = 2;
			remoteGlobalIDString = FD1000E91C5B466F00B2DB0A;
			remoteInfo = EarlGrey;
		};
		2551CBFD1EDDF72F00270D12 /* PBXContainerItemProxy */ = {
			isa = PBXContainerItemProxy;
			containerPortal = 2551CBF71EDDF6BE00270D12 /* EarlGrey.xcodeproj */;
			proxyType = 1;
			remoteGlobalIDString = FD1000E81C5B466F00B2DB0A;
			remoteInfo = EarlGrey;
		};
/* End PBXContainerItemProxy section */

/* Begin PBXFileReference section */
		2551CBD41EDDE79A00270D12 /* EarlGreyAttributedText.app */ = {isa = PBXFileReference; explicitFileType = wrapper.application; includeInIndex = 0; path = EarlGreyAttributedText.app; sourceTree = BUILT_PRODUCTS_DIR; };
		2551CBD71EDDE79A00270D12 /* AppDelegate.swift */ = {isa = PBXFileReference; lastKnownFileType = sourcecode.swift; path = AppDelegate.swift; sourceTree = "<group>"; };
		2551CBD91EDDE79A00270D12 /* ViewController.swift */ = {isa = PBXFileReference; lastKnownFileType = sourcecode.swift; path = ViewController.swift; sourceTree = "<group>"; };
		2551CBDC1EDDE79A00270D12 /* Base */ = {isa = PBXFileReference; lastKnownFileType = file.storyboard; name = Base; path = Base.lproj/Main.storyboard; sourceTree = "<group>"; };
		2551CBDE1EDDE79A00270D12 /* Assets.xcassets */ = {isa = PBXFileReference; lastKnownFileType = folder.assetcatalog; path = Assets.xcassets; sourceTree = "<group>"; };
		2551CBE11EDDE79A00270D12 /* Base */ = {isa = PBXFileReference; lastKnownFileType = file.storyboard; name = Base; path = Base.lproj/LaunchScreen.storyboard; sourceTree = "<group>"; };
		2551CBE31EDDE79A00270D12 /* Info.plist */ = {isa = PBXFileReference; lastKnownFileType = text.plist.xml; path = Info.plist; sourceTree = "<group>"; };
		2551CBE81EDDE79A00270D12 /* EarlGreyAttributedTextTests.xctest */ = {isa = PBXFileReference; explicitFileType = wrapper.cfbundle; includeInIndex = 0; path = EarlGreyAttributedTextTests.xctest; sourceTree = BUILT_PRODUCTS_DIR; };
		2551CBEC1EDDE79A00270D12 /* EarlGreyAttributedTextTests.swift */ = {isa = PBXFileReference; lastKnownFileType = sourcecode.swift; path = EarlGreyAttributedTextTests.swift; sourceTree = "<group>"; };
		2551CBEE1EDDE79A00270D12 /* Info.plist */ = {isa = PBXFileReference; lastKnownFileType = text.plist.xml; path = Info.plist; sourceTree = "<group>"; };
		2551CBF71EDDF6BE00270D12 /* EarlGrey.xcodeproj */ = {isa = PBXFileReference; lastKnownFileType = "wrapper.pb-project"; name = EarlGrey.xcodeproj; path = "EarlGrey-1.9.3/EarlGrey.xcodeproj"; sourceTree = "<group>"; };
		2551CC001EDDF79000270D12 /* EarlGrey.swift */ = {isa = PBXFileReference; fileEncoding = 4; lastKnownFileType = sourcecode.swift; path = EarlGrey.swift; sourceTree = "<group>"; };
/* End PBXFileReference section */

/* Begin PBXFrameworksBuildPhase section */
		2551CBD11EDDE79A00270D12 /* Frameworks */ = {
			isa = PBXFrameworksBuildPhase;
			buildActionMask = 2147483647;
			files = (
			);
			runOnlyForDeploymentPostprocessing = 0;
		};
		2551CBE51EDDE79A00270D12 /* Frameworks */ = {
			isa = PBXFrameworksBuildPhase;
			buildActionMask = 2147483647;
			files = (
				2551CBFF1EDDF74D00270D12 /* EarlGrey.framework in Frameworks */,
			);
			runOnlyForDeploymentPostprocessing = 0;
		};
/* End PBXFrameworksBuildPhase section */

/* Begin PBXGroup section */
		2551CBCB1EDDE79A00270D12 = {
			isa = PBXGroup;
			children = (
				2551CBD61EDDE79A00270D12 /* EarlGreyAttributedText */,
				2551CBEB1EDDE79A00270D12 /* EarlGreyAttributedTextTests */,
				2551CBD51EDDE79A00270D12 /* Products */,
				2551CBF71EDDF6BE00270D12 /* EarlGrey.xcodeproj */,
			);
			sourceTree = "<group>";
		};
		2551CBD51EDDE79A00270D12 /* Products */ = {
			isa = PBXGroup;
			children = (
				2551CBD41EDDE79A00270D12 /* EarlGreyAttributedText.app */,
				2551CBE81EDDE79A00270D12 /* EarlGreyAttributedTextTests.xctest */,
			);
			name = Products;
			sourceTree = "<group>";
		};
		2551CBD61EDDE79A00270D12 /* EarlGreyAttributedText */ = {
			isa = PBXGroup;
			children = (
				2551CBD71EDDE79A00270D12 /* AppDelegate.swift */,
				2551CBD91EDDE79A00270D12 /* ViewController.swift */,
				2551CBDB1EDDE79A00270D12 /* Main.storyboard */,
				2551CBDE1EDDE79A00270D12 /* Assets.xcassets */,
				2551CBE01EDDE79A00270D12 /* LaunchScreen.storyboard */,
				2551CBE31EDDE79A00270D12 /* Info.plist */,
			);
			path = EarlGreyAttributedText;
			sourceTree = "<group>";
		};
		2551CBEB1EDDE79A00270D12 /* EarlGreyAttributedTextTests */ = {
			isa = PBXGroup;
			children = (
				2551CC001EDDF79000270D12 /* EarlGrey.swift */,
				2551CBEC1EDDE79A00270D12 /* EarlGreyAttributedTextTests.swift */,
				2551CBEE1EDDE79A00270D12 /* Info.plist */,
			);
			path = EarlGreyAttributedTextTests;
			sourceTree = "<group>";
		};
		2551CBF81EDDF6BE00270D12 /* Products */ = {
			isa = PBXGroup;
			children = (
				2551CBFC1EDDF6BE00270D12 /* EarlGrey.framework */,
			);
			name = Products;
			sourceTree = "<group>";
		};
/* End PBXGroup section */

/* Begin PBXNativeTarget section */
		2551CBD31EDDE79A00270D12 /* EarlGreyAttributedText */ = {
			isa = PBXNativeTarget;
			buildConfigurationList = 2551CBF11EDDE79A00270D12 /* Build configuration list for PBXNativeTarget "EarlGreyAttributedText" */;
			buildPhases = (
				2551CBD01EDDE79A00270D12 /* Sources */,
				2551CBD11EDDE79A00270D12 /* Frameworks */,
				2551CBD21EDDE79A00270D12 /* Resources */,
			);
			buildRules = (
			);
			dependencies = (
			);
			name = EarlGreyAttributedText;
			productName = EarlGreyAttributedText;
			productReference = 2551CBD41EDDE79A00270D12 /* EarlGreyAttributedText.app */;
			productType = "com.apple.product-type.application";
		};
		2551CBE71EDDE79A00270D12 /* EarlGreyAttributedTextTests */ = {
			isa = PBXNativeTarget;
			buildConfigurationList = 2551CBF41EDDE79A00270D12 /* Build configuration list for PBXNativeTarget "EarlGreyAttributedTextTests" */;
			buildPhases = (
				2551CBE41EDDE79A00270D12 /* Sources */,
				2551CBE51EDDE79A00270D12 /* Frameworks */,
				2551CBE61EDDE79A00270D12 /* Resources */,
			);
			buildRules = (
			);
			dependencies = (
				2551CBFE1EDDF72F00270D12 /* PBXTargetDependency */,
				2551CBEA1EDDE79A00270D12 /* PBXTargetDependency */,
			);
			name = EarlGreyAttributedTextTests;
			productName = EarlGreyAttributedTextTests;
			productReference = 2551CBE81EDDE79A00270D12 /* EarlGreyAttributedTextTests.xctest */;
			productType = "com.apple.product-type.bundle.unit-test";
		};
/* End PBXNativeTarget section */

/* Begin PBXProject section */
		2551CBCC1EDDE79A00270D12 /* Project object */ = {
			isa = PBXProject;
			attributes = {
				LastSwiftUpdateCheck = 0830;
				LastUpgradeCheck = 0830;
				ORGANIZATIONNAME = haitao;
				TargetAttributes = {
					2551CBD31EDDE79A00270D12 = {
						CreatedOnToolsVersion = 8.3.2;
						ProvisioningStyle = Automatic;
					};
					2551CBE71EDDE79A00270D12 = {
						CreatedOnToolsVersion = 8.3.2;
						ProvisioningStyle = Automatic;
						TestTargetID = 2551CBD31EDDE79A00270D12;
					};
				};
			};
			buildConfigurationList = 2551CBCF1EDDE79A00270D12 /* Build configuration list for PBXProject "EarlGreyAttributedText" */;
			compatibilityVersion = "Xcode 3.2";
			developmentRegion = English;
			hasScannedForEncodings = 0;
			knownRegions = (
				en,
				Base,
			);
			mainGroup = 2551CBCB1EDDE79A00270D12;
			productRefGroup = 2551CBD51EDDE79A00270D12 /* Products */;
			projectDirPath = "";
			projectReferences = (
				{
					ProductGroup = 2551CBF81EDDF6BE00270D12 /* Products */;
					ProjectRef = 2551CBF71EDDF6BE00270D12 /* EarlGrey.xcodeproj */;
				},
			);
			projectRoot = "";
			targets = (
				2551CBD31EDDE79A00270D12 /* EarlGreyAttributedText */,
				2551CBE71EDDE79A00270D12 /* EarlGreyAttributedTextTests */,
			);
		};
/* End PBXProject section */

/* Begin PBXReferenceProxy section */
		2551CBFC1EDDF6BE00270D12 /* EarlGrey.framework */ = {
			isa = PBXReferenceProxy;
			fileType = wrapper.framework;
			path = EarlGrey.framework;
			remoteRef = 2551CBFB1EDDF6BE00270D12 /* PBXContainerItemProxy */;
			sourceTree = BUILT_PRODUCTS_DIR;
		};
/* End PBXReferenceProxy section */

/* Begin PBXResourcesBuildPhase section */
		2551CBD21EDDE79A00270D12 /* Resources */ = {
			isa = PBXResourcesBuildPhase;
			buildActionMask = 2147483647;
			files = (
				2551CBE21EDDE79A00270D12 /* LaunchScreen.storyboard in Resources */,
				2551CBDF1EDDE79A00270D12 /* Assets.xcassets in Resources */,
				2551CBDD1EDDE79A00270D12 /* Main.storyboard in Resources */,
			);
			runOnlyForDeploymentPostprocessing = 0;
		};
		2551CBE61EDDE79A00270D12 /* Resources */ = {
			isa = PBXResourcesBuildPhase;
			buildActionMask = 2147483647;
			files = (
			);
			runOnlyForDeploymentPostprocessing = 0;
		};
/* End PBXResourcesBuildPhase section */

/* Begin PBXSourcesBuildPhase section */
		2551CBD01EDDE79A00270D12 /* Sources */ = {
			isa = PBXSourcesBuildPhase;
			buildActionMask = 2147483647;
			files = (
				2551CBDA1EDDE79A00270D12 /* ViewController.swift in Sources */,
				2551CBD81EDDE79A00270D12 /* AppDelegate.swift in Sources */,
			);
			runOnlyForDeploymentPostprocessing = 0;
		};
		2551CBE41EDDE79A00270D12 /* Sources */ = {
			isa = PBXSourcesBuildPhase;
			buildActionMask = 2147483647;
			files = (
				2551CC011EDDF79000270D12 /* EarlGrey.swift in Sources */,
				2551CBED1EDDE79A00270D12 /* EarlGreyAttributedTextTests.swift in Sources */,
			);
			runOnlyForDeploymentPostprocessing = 0;
		};
/* End PBXSourcesBuildPhase section */

/* Begin PBXTargetDependency section */
		2551CBEA1EDDE79A00270D12 /* PBXTargetDependency */ = {
			isa = PBXTargetDependency;
			target = 2551CBD31EDDE79A00270D12 /* EarlGreyAttributedText */;
			targetProxy = 2551CBE91EDDE79A00270D12 /* PBXContainerItemProxy */;
		};
		2551CBFE1EDDF72F00270D12 /* PBXTargetDependency */ = {
			isa = PBXTargetDependency;
			name = EarlGrey;
			targetProxy = 2551CBFD1EDDF72F00270D12 /* PBXContainerItemProxy */;
		};
/* End PBXTargetDependency section */

/* Begin PBXVariantGroup section */
		2551CBDB1EDDE79A00270D12 /* Main.storyboard */ = {
			isa = PBXVariantGroup;
			children = (
				2551CBDC1EDDE79A00270D12 /* Base */,
			);
			name = Main.storyboard;
			sourceTree = "<group>";
		};
		2551CBE01EDDE79A00270D12 /* LaunchScreen.storyboard */ = {
			isa = PBXVariantGroup;
			children = (
				2551CBE11EDDE79A00270D12 /* Base */,
			);
			name = LaunchScreen.storyboard;
			sourceTree = "<group>";
		};
/* End PBXVariantGroup section */

/* Begin XCBuildConfiguration section */
		2551CBEF1EDDE79A00270D12 /* Debug */ = {
			isa = XCBuildConfiguration;
			buildSettings = {
				ALWAYS_SEARCH_USER_PATHS = NO;
				CLANG_ANALYZER_NONNULL = YES;
				CLANG_ANALYZER_NUMBER_OBJECT_CONVERSION = YES_AGGRESSIVE;
				CLANG_CXX_LANGUAGE_STANDARD = "gnu++0x";
				CLANG_CXX_LIBRARY = "libc++";
				CLANG_ENABLE_MODULES = YES;
				CLANG_ENABLE_OBJC_ARC = YES;
				CLANG_WARN_BOOL_CONVERSION = YES;
				CLANG_WARN_CONSTANT_CONVERSION = YES;
				CLANG_WARN_DIRECT_OBJC_ISA_USAGE = YES_ERROR;
				CLANG_WARN_DOCUMENTATION_COMMENTS = YES;
				CLANG_WARN_EMPTY_BODY = YES;
				CLANG_WARN_ENUM_CONVERSION = YES;
				CLANG_WARN_INFINITE_RECURSION = YES;
				CLANG_WARN_INT_CONVERSION = YES;
				CLANG_WARN_OBJC_ROOT_CLASS = YES_ERROR;
				CLANG_WARN_SUSPICIOUS_MOVE = YES;
				CLANG_WARN_UNREACHABLE_CODE = YES;
				CLANG_WARN__DUPLICATE_METHOD_MATCH = YES;
				"CODE_SIGN_IDENTITY[sdk=iphoneos*]" = "iPhone Developer";
				COPY_PHASE_STRIP = NO;
				DEBUG_INFORMATION_FORMAT = dwarf;
				ENABLE_STRICT_OBJC_MSGSEND = YES;
				ENABLE_TESTABILITY = YES;
				GCC_C_LANGUAGE_STANDARD = gnu99;
				GCC_DYNAMIC_NO_PIC = NO;
				GCC_NO_COMMON_BLOCKS = YES;
				GCC_OPTIMIZATION_LEVEL = 0;
				GCC_PREPROCESSOR_DEFINITIONS = (
					"DEBUG=1",
					"$(inherited)",
				);
				GCC_WARN_64_TO_32_BIT_CONVERSION = YES;
				GCC_WARN_ABOUT_RETURN_TYPE = YES_ERROR;
				GCC_WARN_UNDECLARED_SELECTOR = YES;
				GCC_WARN_UNINITIALIZED_AUTOS = YES_AGGRESSIVE;
				GCC_WARN_UNUSED_FUNCTION = YES;
				GCC_WARN_UNUSED_VARIABLE = YES;
				IPHONEOS_DEPLOYMENT_TARGET = 10.3;
				MTL_ENABLE_DEBUG_INFO = YES;
				ONLY_ACTIVE_ARCH = YES;
				SDKROOT = iphoneos;
				SWIFT_ACTIVE_COMPILATION_CONDITIONS = DEBUG;
				SWIFT_OPTIMIZATION_LEVEL = "-Onone";
				TARGETED_DEVICE_FAMILY = "1,2";
			};
			name = Debug;
		};
		2551CBF01EDDE79A00270D12 /* Release */ = {
			isa = XCBuildConfiguration;
			buildSettings = {
				ALWAYS_SEARCH_USER_PATHS = NO;
				CLANG_ANALYZER_NONNULL = YES;
				CLANG_ANALYZER_NUMBER_OBJECT_CONVERSION = YES_AGGRESSIVE;
				CLANG_CXX_LANGUAGE_STANDARD = "gnu++0x";
				CLANG_CXX_LIBRARY = "libc++";
				CLANG_ENABLE_MODULES = YES;
				CLANG_ENABLE_OBJC_ARC = YES;
				CLANG_WARN_BOOL_CONVERSION = YES;
				CLANG_WARN_CONSTANT_CONVERSION = YES;
				CLANG_WARN_DIRECT_OBJC_ISA_USAGE = YES_ERROR;
				CLANG_WARN_DOCUMENTATION_COMMENTS = YES;
				CLANG_WARN_EMPTY_BODY = YES;
				CLANG_WARN_ENUM_CONVERSION = YES;
				CLANG_WARN_INFINITE_RECURSION = YES;
				CLANG_WARN_INT_CONVERSION = YES;
				CLANG_WARN_OBJC_ROOT_CLASS = YES_ERROR;
				CLANG_WARN_SUSPICIOUS_MOVE = YES;
				CLANG_WARN_UNREACHABLE_CODE = YES;
				CLANG_WARN__DUPLICATE_METHOD_MATCH = YES;
				"CODE_SIGN_IDENTITY[sdk=iphoneos*]" = "iPhone Developer";
				COPY_PHASE_STRIP = NO;
				DEBUG_INFORMATION_FORMAT = "dwarf-with-dsym";
				ENABLE_NS_ASSERTIONS = NO;
				ENABLE_STRICT_OBJC_MSGSEND = YES;
				GCC_C_LANGUAGE_STANDARD = gnu99;
				GCC_NO_COMMON_BLOCKS = YES;
				GCC_WARN_64_TO_32_BIT_CONVERSION = YES;
				GCC_WARN_ABOUT_RETURN_TYPE = YES_ERROR;
				GCC_WARN_UNDECLARED_SELECTOR = YES;
				GCC_WARN_UNINITIALIZED_AUTOS = YES_AGGRESSIVE;
				GCC_WARN_UNUSED_FUNCTION = YES;
				GCC_WARN_UNUSED_VARIABLE = YES;
				IPHONEOS_DEPLOYMENT_TARGET = 10.3;
				MTL_ENABLE_DEBUG_INFO = NO;
				SDKROOT = iphoneos;
				SWIFT_OPTIMIZATION_LEVEL = "-Owholemodule";
				TARGETED_DEVICE_FAMILY = "1,2";
				VALIDATE_PRODUCT = YES;
			};
			name = Release;
		};
		2551CBF21EDDE79A00270D12 /* Debug */ = {
			isa = XCBuildConfiguration;
			buildSettings = {
				ASSETCATALOG_COMPILER_APPICON_NAME = AppIcon;
				INFOPLIST_FILE = EarlGreyAttributedText/Info.plist;
				LD_RUNPATH_SEARCH_PATHS = "$(inherited) @executable_path/Frameworks";
				PRODUCT_BUNDLE_IDENTIFIER = com.haitao.EarlGreyAttributedText;
				PRODUCT_NAME = "$(TARGET_NAME)";
				SWIFT_VERSION = 3.0;
			};
			name = Debug;
		};
		2551CBF31EDDE79A00270D12 /* Release */ = {
			isa = XCBuildConfiguration;
			buildSettings = {
				ASSETCATALOG_COMPILER_APPICON_NAME = AppIcon;
				INFOPLIST_FILE = EarlGreyAttributedText/Info.plist;
				LD_RUNPATH_SEARCH_PATHS = "$(inherited) @executable_path/Frameworks";
				PRODUCT_BUNDLE_IDENTIFIER = com.haitao.EarlGreyAttributedText;
				PRODUCT_NAME = "$(TARGET_NAME)";
				SWIFT_VERSION = 3.0;
			};
			name = Release;
		};
		2551CBF51EDDE79A00270D12 /* Debug */ = {
			isa = XCBuildConfiguration;
			buildSettings = {
				ALWAYS_EMBED_SWIFT_STANDARD_LIBRARIES = YES;
				BUNDLE_LOADER = "$(TEST_HOST)";
				INFOPLIST_FILE = EarlGreyAttributedTextTests/Info.plist;
				LD_RUNPATH_SEARCH_PATHS = "$(inherited) @executable_path/Frameworks @loader_path/Frameworks";
				PRODUCT_BUNDLE_IDENTIFIER = com.haitao.EarlGreyAttributedTextTests;
				PRODUCT_NAME = "$(TARGET_NAME)";
				SWIFT_VERSION = 3.0;
				TEST_HOST = "$(BUILT_PRODUCTS_DIR)/EarlGreyAttributedText.app/EarlGreyAttributedText";
			};
			name = Debug;
		};
		2551CBF61EDDE79A00270D12 /* Release */ = {
			isa = XCBuildConfiguration;
			buildSettings = {
				ALWAYS_EMBED_SWIFT_STANDARD_LIBRARIES = YES;
				BUNDLE_LOADER = "$(TEST_HOST)";
				INFOPLIST_FILE = EarlGreyAttributedTextTests/Info.plist;
				LD_RUNPATH_SEARCH_PATHS = "$(inherited) @executable_path/Frameworks @loader_path/Frameworks";
				PRODUCT_BUNDLE_IDENTIFIER = com.haitao.EarlGreyAttributedTextTests;
				PRODUCT_NAME = "$(TARGET_NAME)";
				SWIFT_VERSION = 3.0;
				TEST_HOST = "$(BUILT_PRODUCTS_DIR)/EarlGreyAttributedText.app/EarlGreyAttributedText";
			};
			name = Release;
		};
/* End XCBuildConfiguration section */

/* Begin XCConfigurationList section */
		2551CBCF1EDDE79A00270D12 /* Build configuration list for PBXProject "EarlGreyAttributedText" */ = {
			isa = XCConfigurationList;
			buildConfigurations = (
				2551CBEF1EDDE79A00270D12 /* Debug */,
				2551CBF01EDDE79A00270D12 /* Release */,
			);
			defaultConfigurationIsVisible = 0;
			defaultConfigurationName = Release;
		};
		2551CBF11EDDE79A00270D12 /* Build configuration list for PBXNativeTarget "EarlGreyAttributedText" */ = {
			isa = XCConfigurationList;
			buildConfigurations = (
				2551CBF21EDDE79A00270D12 /* Debug */,
				2551CBF31EDDE79A00270D12 /* Release */,
			);
			defaultConfigurationIsVisible = 0;
			defaultConfigurationName = Release;
		};
		2551CBF41EDDE79A00270D12 /* Build configuration list for PBXNativeTarget "EarlGreyAttributedTextTests" */ = {
			isa = XCConfigurationList;
			buildConfigurations = (
				2551CBF51EDDE79A00270D12 /* Debug */,
				2551CBF61EDDE79A00270D12 /* Release */,
			);
			defaultConfigurationIsVisible = 0;
			defaultConfigurationName = Release;
		};
/* End XCConfigurationList section */
	};
	rootObject = 2551CBCC1EDDE79A00270D12 /* Project object */;
}
